version: 1.0
shards:
  db:
    github: crystal-lang/crystal-db
    version: 0.5.0

  granite_orm:
    github: amberframework/granite-orm
    version: 0.9.1

  morganite:
    github: willamin/morganite
    commit: 9c0562e3157fcff117eb5f5822b8fe74f7497f4a

  radix:
    github: luislavena/radix
    version: 0.3.8

  stout:
    github: willamin/stout
    commit: 0be89b8f356bb48f9f7406679108e7d1e3cb6ea6

