version: 1.0
shards:
  airtable:
    github: t-richards/airtable
    commit: 2451a055eb233088fecabf1d491de02699a2e5a3

  db:
    github: crystal-lang/crystal-db
    version: 0.5.0

  granite_orm:
    github: amberframework/granite-orm
    version: 0.9.1

  morganite:
    github: willamin/morganite
    commit: 9c0562e3157fcff117eb5f5822b8fe74f7497f4a

  radix:
    github: luislavena/radix
    version: 0.3.8

  stout:
    github: willamin/stout
    commit: 48efa0a98f1db8316ba08d9e1b5bdd68fc70a8de

  warsplitter:
    github: t-richards/warsplitter
    version: 1.0.1

